Microsoft Visual Studio Solution File, Format Version 12.00
# Visual Studio Version 17
VisualStudioVersion = 17.5.2.0
MinimumVisualStudioVersion = 10.0.40219.1
Project("{FAE04EC0-301F-11D3-BF4B-00C04F79EFBC}") = "StravaApp", "StravaApp.csproj", "{48A5C615-4C41-B47C-D6A8-DEC0B459DF8B}"
EndProject
Global
	GlobalSection(SolutionConfigurationPlatforms) = preSolution
		Debug|Any CPU = Debug|Any CPU
		Release|Any CPU = Release|Any CPU
	EndGlobalSection
	GlobalSection(ProjectConfigurationPlatforms) = postSolution
		{48A5C615-4C41-B47C-D6A8-DEC0B459DF8B}.Debug|Any CPU.ActiveCfg = Debug|Any CPU
		{48A5C615-4C41-B47C-D6A8-DEC0B459DF8B}.Debug|Any CPU.Build.0 = Debug|Any CPU
		{48A5C615-4C41-B47C-D6A8-DEC0B459DF8B}.Release|Any CPU.ActiveCfg = Release|Any CPU
		{48A5C615-4C41-B47C-D6A8-DEC0B459DF8B}.Release|Any CPU.Build.0 = Release|Any CPU
	EndGlobalSection
	GlobalSection(SolutionProperties) = preSolution
		HideSolutionNode = FALSE
	EndGlobalSection
	GlobalSection(ExtensibilityGlobals) = postSolution
		SolutionGuid = {52ECFA62-3AAE-48CD-AA72-0C9340637EA7}
	EndGlobalSection
EndGlobal
